
Microsoft Visual Studio Solution File, Format Version 12.00
# Visual Studio Version 17
VisualStudioVersion = 17.2.32616.157
MinimumVisualStudioVersion = 10.0.40219.1
Project("{FAE04EC0-301F-11D3-BF4B-00C04F79EFBC}") = "Small Stock Project", "Small Stock Project\Small Stock Project.csproj", "{278427ED-E42D-4650-87C2-742937AE9DDC}"
EndProject
Global
	GlobalSection(SolutionConfigurationPlatforms) = preSolution
		Debug|Any CPU = Debug|Any CPU
		Release|Any CPU = Release|Any CPU
	EndGlobalSection
	GlobalSection(ProjectConfigurationPlatforms) = postSolution
		{278427ED-E42D-4650-87C2-742937AE9DDC}.Debug|Any CPU.ActiveCfg = Debug|Any CPU
		{278427ED-E42D-4650-87C2-742937AE9DDC}.Debug|Any CPU.Build.0 = Debug|Any CPU
		{278427ED-E42D-4650-87C2-742937AE9DDC}.Release|Any CPU.ActiveCfg = Release|Any CPU
		{278427ED-E42D-4650-87C2-742937AE9DDC}.Release|Any CPU.Build.0 = Release|Any CPU
	EndGlobalSection
	GlobalSection(SolutionProperties) = preSolution
		HideSolutionNode = FALSE
	EndGlobalSection
	GlobalSection(ExtensibilityGlobals) = postSolution
		SolutionGuid = {1241D71B-C6AE-4DC4-8F5A-863D23553BD9}
	EndGlobalSection
EndGlobal
